# THIS IS AN AUTOGENERATED FILE. DO NOT EDIT THIS FILE DIRECTLY.
# yarn lockfile v1


"@babel/runtime@^7.17.8":
  version "7.19.4"
  resolved "https://registry.yarnpkg.com/@babel/runtime/-/runtime-7.19.4.tgz#a42f814502ee467d55b38dd1c256f53a7b885c78"
  integrity sha512-EXpLCrk55f+cYqmHsSR+yD/0gAIMxxA9QK9lnQWzhMCvt+YmoBN7Zx94s++Kv0+unHk39vxNO8t+CMA2WSS3wA==
  dependencies:
    regenerator-runtime "^0.13.4"

"@emotion/is-prop-valid@^0.8.2":
  version "0.8.8"
  resolved "https://registry.yarnpkg.com/@emotion/is-prop-valid/-/is-prop-valid-0.8.8.tgz#db28b1c4368a259b60a97311d6a952d4fd01ac1a"
  integrity sha512-u5WtneEAr5IDG2Wv65yhunPSMLIpuKsbuOktRojfrEiEvRyC85LgPMZI63cr7NUqT8ZIGdSVg8ZKGxIug4lXcA==
  dependencies:
    "@emotion/memoize" "0.7.4"

"@emotion/memoize@0.7.4":
  version "0.7.4"
  resolved "https://registry.yarnpkg.com/@emotion/memoize/-/memoize-0.7.4.tgz#19bf0f5af19149111c40d98bb0cf82119f5d9eeb"
  integrity sha512-Ja/Vfqe3HpuzRsG1oBtWTHk2PGZ7GR+2Vz5iYGelAw8dx32K0y7PjVuxK6z1nMpZOqAFsRUPCkK1YjJ56qJlgw==

"@motionone/animation@^10.13.1":
  version "10.14.0"
  resolved "https://registry.yarnpkg.com/@motionone/animation/-/animation-10.14.0.tgz#2f2a3517183bb58d82e389aac777fe0850079de6"
  integrity sha512-h+1sdyBP8vbxEBW5gPFDnj+m2DCqdlAuf2g6Iafb1lcMnqjsRXWlPw1AXgvUMXmreyhqmPbJqoNfIKdytampRQ==
  dependencies:
    "@motionone/easing" "^10.14.0"
    "@motionone/types" "^10.14.0"
    "@motionone/utils" "^10.14.0"
    tslib "^2.3.1"

"@motionone/dom@10.13.1":
  version "10.13.1"
  resolved "https://registry.yarnpkg.com/@motionone/dom/-/dom-10.13.1.tgz#fc29ea5d12538f21b211b3168e502cfc07a24882"
  integrity sha512-zjfX+AGMIt/fIqd/SL1Lj93S6AiJsEA3oc5M9VkUr+Gz+juRmYN1vfvZd6MvEkSqEjwPQgcjN7rGZHrDB9APfQ==
  dependencies:
    "@motionone/animation" "^10.13.1"
    "@motionone/generators" "^10.13.1"
    "@motionone/types" "^10.13.0"
    "@motionone/utils" "^10.13.1"
    hey-listen "^1.0.8"
    tslib "^2.3.1"

"@motionone/easing@^10.14.0":
  version "10.14.0"
  resolved "https://registry.yarnpkg.com/@motionone/easing/-/easing-10.14.0.tgz#d8154b7f71491414f3cdee23bd3838d763fffd00"
  integrity sha512-2vUBdH9uWTlRbuErhcsMmt1jvMTTqvGmn9fHq8FleFDXBlHFs5jZzHJT9iw+4kR1h6a4SZQuCf72b9ji92qNYA==
  dependencies:
    "@motionone/utils" "^10.14.0"
    tslib "^2.3.1"

"@motionone/generators@^10.13.1":
  version "10.14.0"
  resolved "https://registry.yarnpkg.com/@motionone/generators/-/generators-10.14.0.tgz#e05d9dd56da78a4b92db99185848a0f3db62242d"
  integrity sha512-6kRHezoFfIjFN7pPpaxmkdZXD36tQNcyJe3nwVqwJ+ZfC0e3rFmszR8kp9DEVFs9QL/akWjuGPSLBI1tvz+Vjg==
  dependencies:
    "@motionone/types" "^10.14.0"
    "@motionone/utils" "^10.14.0"
    tslib "^2.3.1"

"@motionone/types@^10.13.0", "@motionone/types@^10.14.0":
  version "10.14.0"
  resolved "https://registry.yarnpkg.com/@motionone/types/-/types-10.14.0.tgz#148c34f3270b175397e49c3058b33fab405c21e3"
  integrity sha512-3bNWyYBHtVd27KncnJLhksMFQ5o2MSdk1cA/IZqsHtA9DnRM1SYgN01CTcJ8Iw8pCXF5Ocp34tyAjY7WRpOJJQ==

"@motionone/utils@^10.13.1", "@motionone/utils@^10.14.0":
  version "10.14.0"
  resolved "https://registry.yarnpkg.com/@motionone/utils/-/utils-10.14.0.tgz#a19a3464ed35b08506747b062d035c7bc9bbe708"
  integrity sha512-sLWBLPzRqkxmOTRzSaD3LFQXCPHvDzyHJ1a3VP9PRzBxyVd2pv51/gMOsdAcxQ9n+MIeGJnxzXBYplUHKj4jkw==
  dependencies:
    "@motionone/types" "^10.14.0"
    hey-listen "^1.0.8"
    tslib "^2.3.1"

"@react-three/fiber@^8.8.10":
  version "8.8.10"
  resolved "https://registry.yarnpkg.com/@react-three/fiber/-/fiber-8.8.10.tgz#1a862a93f9b4db674f9c8b89f87e2c55b554d319"
  integrity sha512-4Uxo4wxWkIPGFsRVkdILi/ANV/161KBSmqeMhaTpPjbjL+gNpC7z1vTUs7BI45iKcS+EhwUPUcFUxLnxelQbGw==
  dependencies:
    "@babel/runtime" "^7.17.8"
    "@types/react-reconciler" "^0.26.7"
    its-fine "^1.0.6"
    react-reconciler "^0.27.0"
    react-use-measure "^2.1.1"
    scheduler "^0.21.0"
    suspend-react "^0.0.8"
    zustand "^3.7.1"

"@types/prop-types@*":
  version "15.7.5"
  resolved "https://registry.yarnpkg.com/@types/prop-types/-/prop-types-15.7.5.tgz#5f19d2b85a98e9558036f6a3cacc8819420f05cf"
  integrity sha512-JCB8C6SnDoQf0cNycqd/35A7MjcnK+ZTqE7judS6o7utxUCg6imJg3QK2qzHKszlTjcj2cn+NwMB2i96ubpj7w==

"@types/react-reconciler@^0.26.7":
  version "0.26.7"
  resolved "https://registry.yarnpkg.com/@types/react-reconciler/-/react-reconciler-0.26.7.tgz#0c4643f30821ae057e401b0d9037e03e8e9b2a36"
  integrity sha512-mBDYl8x+oyPX/VBb3E638N0B7xG+SPk/EAMcVPeexqus/5aTpTphQi0curhhshOqRrc9t6OPoJfEUkbymse/lQ==
  dependencies:
    "@types/react" "*"

"@types/react-reconciler@^0.28.0":
  version "0.28.0"
  resolved "https://registry.yarnpkg.com/@types/react-reconciler/-/react-reconciler-0.28.0.tgz#513acbed173140e958c909041ca14eb40412077f"
  integrity sha512-5cjk9ottZAj7eaTsqzPUIlrVbh3hBAO2YaEL1rkjHKB3xNAId7oU8GhzvAX+gfmlfoxTwJnBjPxEHyxkEA1Ffg==
  dependencies:
    "@types/react" "*"

"@types/react@*":
  version "18.0.21"
  resolved "https://registry.yarnpkg.com/@types/react/-/react-18.0.21.tgz#b8209e9626bb00a34c76f55482697edd2b43cc67"
  integrity sha512-7QUCOxvFgnD5Jk8ZKlUAhVcRj7GuJRjnjjiY/IUBWKgOlnvDvTMLD4RTF7NPyVmbRhNrbomZiOepg7M/2Kj1mA==
  dependencies:
    "@types/prop-types" "*"
    "@types/scheduler" "*"
    csstype "^3.0.2"

"@types/scheduler@*":
  version "0.16.2"
  resolved "https://registry.yarnpkg.com/@types/scheduler/-/scheduler-0.16.2.tgz#1a62f89525723dde24ba1b01b092bf5df8ad4d39"
  integrity sha512-hppQEBDmlwhFAXKJX2KnWLYu5yMfi91yazPb2l+lbJiwW+wdo1gNeRA+3RgNSO39WYX2euey41KEwnqesU2Jew==

csstype@^3.0.2:
  version "3.1.1"
  resolved "https://registry.yarnpkg.com/csstype/-/csstype-3.1.1.tgz#841b532c45c758ee546a11d5bd7b7b473c8c30b9"
  integrity sha512-DJR/VvkAvSZW9bTouZue2sSxDwdTN92uHjqeKVm+0dAqdfNykRzQ95tay8aXMBAAPpUiq4Qcug2L7neoRh2Egw==

debounce@^1.2.1:
  version "1.2.1"
  resolved "https://registry.yarnpkg.com/debounce/-/debounce-1.2.1.tgz#38881d8f4166a5c5848020c11827b834bcb3e0a5"
  integrity sha512-XRRe6Glud4rd/ZGQfiV1ruXSfbvfJedlV9Y6zOlP+2K04vBYiJEte6stfFkCP03aMnY5tsipamumUjL14fofug==

framer-motion-3d@^7.5.3:
  version "7.5.3"
  resolved "https://registry.yarnpkg.com/framer-motion-3d/-/framer-motion-3d-7.5.3.tgz#b059cbcb90d5fa65a19e818e5bbed2e8890f06c6"
  integrity sha512-2wB/p0G1vT6Rfkjgc4NsPstm49PSJ9LYNFxSA7PgRwir5dxZgOLBy63zCvliGSHH3DpxPsjB2QDjGyLzFyjU+g==
  dependencies:
    framer-motion "^7.5.3"
    react-merge-refs "^2.0.1"

framer-motion@^7.5.3:
  version "7.5.3"
  resolved "https://registry.yarnpkg.com/framer-motion/-/framer-motion-7.5.3.tgz#a1de7d6c4abbf7333619d4a6c8df74c12240be43"
  integrity sha512-VvANga9Z7bYtKMAsM/je81FwJDHfThOYywN04xVQ4OGdMVY09Bowx/q7nZd6XtytLuv6byc6GT1mYwag+SQ/nw==
  dependencies:
    "@motionone/dom" "10.13.1"
    framesync "6.1.2"
    hey-listen "^1.0.8"
    popmotion "11.0.5"
    style-value-types "5.1.2"
    tslib "2.4.0"
  optionalDependencies:
    "@emotion/is-prop-valid" "^0.8.2"

framesync@6.1.2:
  version "6.1.2"
  resolved "https://registry.yarnpkg.com/framesync/-/framesync-6.1.2.tgz#755eff2fb5b8f3b4d2b266dd18121b300aefea27"
  integrity sha512-jBTqhX6KaQVDyus8muwZbBeGGP0XgujBRbQ7gM7BRdS3CadCZIHiawyzYLnafYcvZIh5j8WE7cxZKFn7dXhu9g==
  dependencies:
    tslib "2.4.0"

hey-listen@^1.0.8:
  version "1.0.8"
  resolved "https://registry.yarnpkg.com/hey-listen/-/hey-listen-1.0.8.tgz#8e59561ff724908de1aa924ed6ecc84a56a9aa68"
  integrity sha512-COpmrF2NOg4TBWUJ5UVyaCU2A88wEMkUPK4hNqyCkqHbxT92BbvfjoSozkAIIm6XhicGlJHhFdullInrdhwU8Q==

its-fine@^1.0.6:
  version "1.0.6"
  resolved "https://registry.yarnpkg.com/its-fine/-/its-fine-1.0.6.tgz#087b14d71137816dab676d8b57c35a6cd5d2b021"
  integrity sha512-VZJZPwVT2kxe5KQv+TxCjojfLiUIut8zXDNLTxcM7gJ/xQ/bSPk5M0neZ+j3myy45KKkltY1mm1jyJgx3Fxsdg==
  dependencies:
    "@types/react-reconciler" "^0.28.0"

"js-tokens@^3.0.0 || ^4.0.0":
  version "4.0.0"
  resolved "https://registry.yarnpkg.com/js-tokens/-/js-tokens-4.0.0.tgz#19203fb59991df98e3a287050d4647cdeaf32499"
  integrity sha512-RdJUflcE3cUzKiMqQgsCu06FPu9UdIJO0beYbPhHN4k6apgJtifcoCtT9bcxOpYBtpD2kCM6Sbzg4CausW/PKQ==

loose-envify@^1.1.0:
  version "1.4.0"
  resolved "https://registry.yarnpkg.com/loose-envify/-/loose-envify-1.4.0.tgz#71ee51fa7be4caec1a63839f7e682d8132d30caf"
  integrity sha512-lyuxPGr/Wfhrlem2CL/UcnUc1zcqKAImBDzukY7Y5F/yQiNdko6+fRLevlw1HgMySw7f611UIY408EtxRSoK3Q==
  dependencies:
    js-tokens "^3.0.0 || ^4.0.0"

popmotion@11.0.5:
  version "11.0.5"
  resolved "https://registry.yarnpkg.com/popmotion/-/popmotion-11.0.5.tgz#8e3e014421a0ffa30ecd722564fd2558954e1f7d"
  integrity sha512-la8gPM1WYeFznb/JqF4GiTkRRPZsfaj2+kCxqQgr2MJylMmIKUwBfWW8Wa5fml/8gmtlD5yI01MP1QCZPWmppA==
  dependencies:
    framesync "6.1.2"
    hey-listen "^1.0.8"
    style-value-types "5.1.2"
    tslib "2.4.0"

react-merge-refs@^2.0.1:
  version "2.0.1"
  resolved "https://registry.yarnpkg.com/react-merge-refs/-/react-merge-refs-2.0.1.tgz#a1f8c2dadefa635333e9b91ec59f30b65228b006"
  integrity sha512-pywF6oouJWuqL26xV3OruRSIqai31R9SdJX/I3gP2q8jLxUnA1IwXcLW8werUHLZOrp4N7YOeQNZrh/BKrHI4A==

react-reconciler@^0.27.0:
  version "0.27.0"
  resolved "https://registry.yarnpkg.com/react-reconciler/-/react-reconciler-0.27.0.tgz#360124fdf2d76447c7491ee5f0e04503ed9acf5b"
  integrity sha512-HmMDKciQjYmBRGuuhIaKA1ba/7a+UsM5FzOZsMO2JYHt9Jh8reCb7j1eDC95NOyUlKM9KRyvdx0flBuDvYSBoA==
  dependencies:
    loose-envify "^1.1.0"
    scheduler "^0.21.0"

react-use-measure@^2.1.1:
  version "2.1.1"
  resolved "https://registry.yarnpkg.com/react-use-measure/-/react-use-measure-2.1.1.tgz#5824537f4ee01c9469c45d5f7a8446177c6cc4ba"
  integrity sha512-nocZhN26cproIiIduswYpV5y5lQpSQS1y/4KuvUCjSKmw7ZWIS/+g3aFnX3WdBkyuGUtTLif3UTqnLLhbDoQig==
  dependencies:
    debounce "^1.2.1"

regenerator-runtime@^0.13.4:
  version "0.13.9"
  resolved "https://registry.yarnpkg.com/regenerator-runtime/-/regenerator-runtime-0.13.9.tgz#8925742a98ffd90814988d7566ad30ca3b263b52"
  integrity sha512-p3VT+cOEgxFsRRA9X4lkI1E+k2/CtnKtU4gcxyaCUreilL/vqI6CdZ3wxVUx3UOUg+gnUOQQcRI7BmSI656MYA==

scheduler@^0.21.0:
  version "0.21.0"
  resolved "https://registry.yarnpkg.com/scheduler/-/scheduler-0.21.0.tgz#6fd2532ff5a6d877b6edb12f00d8ab7e8f308820"
  integrity sha512-1r87x5fz9MXqswA2ERLo0EbOAU74DpIUO090gIasYTqlVoJeMcl+Z1Rg7WHz+qtPujhS/hGIt9kxZOYBV3faRQ==
  dependencies:
    loose-envify "^1.1.0"

style-value-types@5.1.2:
  version "5.1.2"
  resolved "https://registry.yarnpkg.com/style-value-types/-/style-value-types-5.1.2.tgz#6be66b237bd546048a764883528072ed95713b62"
  integrity sha512-Vs9fNreYF9j6W2VvuDTP7kepALi7sk0xtk2Tu8Yxi9UoajJdEVpNpCov0HsLTqXvNGKX+Uv09pkozVITi1jf3Q==
  dependencies:
    hey-listen "^1.0.8"
    tslib "2.4.0"

suspend-react@^0.0.8:
  version "0.0.8"
  resolved "https://registry.yarnpkg.com/suspend-react/-/suspend-react-0.0.8.tgz#b0740c1386b4eb652f17affe4339915ee268bd31"
  integrity sha512-ZC3r8Hu1y0dIThzsGw0RLZplnX9yXwfItcvaIzJc2VQVi8TGyGDlu92syMB5ulybfvGLHAI5Ghzlk23UBPF8xg==

three@^0.145.0:
  version "0.145.0"
  resolved "https://registry.yarnpkg.com/three/-/three-0.145.0.tgz#a613d71e75effc2aed88be630027ca01e2b6502e"
  integrity sha512-EKoHQEtEJ4CB6b2BGMBgLZrfwLjXcSUfoI/MiIXUuRpeYsfK5aPWbYhdtIVWOH+x6X0TouldHKHBuc/LAiFzAw==

tslib@2.4.0, tslib@^2.3.1:
  version "2.4.0"
  resolved "https://registry.yarnpkg.com/tslib/-/tslib-2.4.0.tgz#7cecaa7f073ce680a05847aa77be941098f36dc3"
  integrity sha512-d6xOpEDfsi2CZVlPQzGeux8XMwLT9hssAsaPYExaQMuYskwb+x1x7J371tWlbBdWHroy99KnVB6qIkUbs5X3UQ==

zustand@^3.7.1:
  version "3.7.2"
  resolved "https://registry.yarnpkg.com/zustand/-/zustand-3.7.2.tgz#7b44c4f4a5bfd7a8296a3957b13e1c346f42514d"
  integrity sha512-PIJDIZKtokhof+9+60cpockVOq05sJzHCriyvaLBmEJixseQ1a5Kdov6fWZfWOu5SK9c+FhH1jU0tntLxRJYMA==
